// !$*UTF8*$!
{
	archiveVersion = 1;
	classes = {
	};
	objectVersion = 51;
	objects = {

/* Begin PBXBuildFile section */
		00B8BFD5FF6B94924B742110 /* Pods_samrtble.framework in Frameworks */ = {isa = PBXBuildFile; fileRef = ECA70A3D39E9D98CD477B709 /* Pods_samrtble.framework */; };
		6C7E21392604B8CB00B10A74 /* TableInfoModel.swift in Sources */ = {isa = PBXBuildFile; fileRef = 6C7E21382604B8CB00B10A74 /* TableInfoModel.swift */; };
		6C7E21462604BA7000B10A74 /* ClassModel.swift in Sources */ = {isa = PBXBuildFile; fileRef = 6C7E21452604BA7000B10A74 /* ClassModel.swift */; };
		6C7E214B2604BAA500B10A74 /* TableCellModel.swift in Sources */ = {isa = PBXBuildFile; fileRef = 6C7E214A2604BAA500B10A74 /* TableCellModel.swift */; };
		6C7E21502604BAFB00B10A74 /* TestModel.swift in Sources */ = {isa = PBXBuildFile; fileRef = 6C7E214F2604BAFB00B10A74 /* TestModel.swift */; };
		6C7E21552604BB1900B10A74 /* Mapping.swift in Sources */ = {isa = PBXBuildFile; fileRef = 6C7E21542604BB1900B10A74 /* Mapping.swift */; };
		6C7E21762604BC1F00B10A74 /* HomeViewController.swift in Sources */ = {isa = PBXBuildFile; fileRef = 6C7E21752604BC1F00B10A74 /* HomeViewController.swift */; };
		6C7E217B2604BC6200B10A74 /* ClassesViewController.swift in Sources */ = {isa = PBXBuildFile; fileRef = 6C7E217A2604BC6200B10A74 /* ClassesViewController.swift */; };
		6C7E21802604BCAA00B10A74 /* ClassesViewControllerExtension.swift in Sources */ = {isa = PBXBuildFile; fileRef = 6C7E217F2604BCAA00B10A74 /* ClassesViewControllerExtension.swift */; };
		6C7E21862604BCE700B10A74 /* HomeTableViewCell.swift in Sources */ = {isa = PBXBuildFile; fileRef = 6C7E21852604BCE700B10A74 /* HomeTableViewCell.swift */; };
		6C7E218E2604BD1B00B10A74 /* SpreadViewCells.swift in Sources */ = {isa = PBXBuildFile; fileRef = 6C7E218D2604BD1B00B10A74 /* SpreadViewCells.swift */; };
		6C7E21C1260611A300B10A74 /* LoginViewController.swift in Sources */ = {isa = PBXBuildFile; fileRef = 6C7E21C0260611A300B10A74 /* LoginViewController.swift */; };
		6C7E21C92606133700B10A74 /* LoginViewModel.swift in Sources */ = {isa = PBXBuildFile; fileRef = 6C7E21C82606133700B10A74 /* LoginViewModel.swift */; };
		6C7E21D72606155800B10A74 /* Api_Service.swift in Sources */ = {isa = PBXBuildFile; fileRef = 6C7E21D62606155800B10A74 /* Api_Service.swift */; };
		6C7E21DF2606176200B10A74 /* Result.swift in Sources */ = {isa = PBXBuildFile; fileRef = 6C7E21DE2606176200B10A74 /* Result.swift */; };
		6C9889362609399E004F7B8B /* CustomButton.swift in Sources */ = {isa = PBXBuildFile; fileRef = 6C9889352609399E004F7B8B /* CustomButton.swift */; };
		6CA117D22604B07C006B1AA1 /* AppDelegate.swift in Sources */ = {isa = PBXBuildFile; fileRef = 6CA117D12604B07C006B1AA1 /* AppDelegate.swift */; };
		6CA117D42604B07C006B1AA1 /* SceneDelegate.swift in Sources */ = {isa = PBXBuildFile; fileRef = 6CA117D32604B07C006B1AA1 /* SceneDelegate.swift */; };
		6CA117D92604B07C006B1AA1 /* Main.storyboard in Resources */ = {isa = PBXBuildFile; fileRef = 6CA117D72604B07C006B1AA1 /* Main.storyboard */; };
		6CA117DB2604B07D006B1AA1 /* Assets.xcassets in Resources */ = {isa = PBXBuildFile; fileRef = 6CA117DA2604B07D006B1AA1 /* Assets.xcassets */; };
		6CA117DE2604B07D006B1AA1 /* LaunchScreen.storyboard in Resources */ = {isa = PBXBuildFile; fileRef = 6CA117DC2604B07D006B1AA1 /* LaunchScreen.storyboard */; };
		6CA117E92604B07D006B1AA1 /* samrtbleTests.swift in Sources */ = {isa = PBXBuildFile; fileRef = 6CA117E82604B07D006B1AA1 /* samrtbleTests.swift */; };
		6CA117F42604B07E006B1AA1 /* samrtbleUITests.swift in Sources */ = {isa = PBXBuildFile; fileRef = 6CA117F32604B07E006B1AA1 /* samrtbleUITests.swift */; };
		6CAD278026072C1E00BBED74 /* ResponseModel.swift in Sources */ = {isa = PBXBuildFile; fileRef = 6CAD277F26072C1E00BBED74 /* ResponseModel.swift */; };
/* End PBXBuildFile section */

/* Begin PBXContainerItemProxy section */
		6CA117E52604B07D006B1AA1 /* PBXContainerItemProxy */ = {
			isa = PBXContainerItemProxy;
			containerPortal = 6CA117C62604B07C006B1AA1 /* Project object */;
			proxyType = 1;
			remoteGlobalIDString = 6CA117CD2604B07C006B1AA1;
			remoteInfo = samrtble;
		};
		6CA117F02604B07D006B1AA1 /* PBXContainerItemProxy */ = {
			isa = PBXContainerItemProxy;
			containerPortal = 6CA117C62604B07C006B1AA1 /* Project object */;
			proxyType = 1;
			remoteGlobalIDString = 6CA117CD2604B07C006B1AA1;
			remoteInfo = samrtble;
		};
/* End PBXContainerItemProxy section */

/* Begin PBXFileReference section */
		6C7E21382604B8CB00B10A74 /* TableInfoModel.swift */ = {isa = PBXFileReference; lastKnownFileType = sourcecode.swift; path = TableInfoModel.swift; sourceTree = "<group>"; };
		6C7E21452604BA7000B10A74 /* ClassModel.swift */ = {isa = PBXFileReference; lastKnownFileType = sourcecode.swift; path = ClassModel.swift; sourceTree = "<group>"; };
		6C7E214A2604BAA500B10A74 /* TableCellModel.swift */ = {isa = PBXFileReference; lastKnownFileType = sourcecode.swift; path = TableCellModel.swift; sourceTree = "<group>"; };
		6C7E214F2604BAFB00B10A74 /* TestModel.swift */ = {isa = PBXFileReference; lastKnownFileType = sourcecode.swift; path = TestModel.swift; sourceTree = "<group>"; };
		6C7E21542604BB1900B10A74 /* Mapping.swift */ = {isa = PBXFileReference; lastKnownFileType = sourcecode.swift; path = Mapping.swift; sourceTree = "<group>"; };
		6C7E21752604BC1F00B10A74 /* HomeViewController.swift */ = {isa = PBXFileReference; lastKnownFileType = sourcecode.swift; path = HomeViewController.swift; sourceTree = "<group>"; };
		6C7E217A2604BC6200B10A74 /* ClassesViewController.swift */ = {isa = PBXFileReference; lastKnownFileType = sourcecode.swift; path = ClassesViewController.swift; sourceTree = "<group>"; };
		6C7E217F2604BCAA00B10A74 /* ClassesViewControllerExtension.swift */ = {isa = PBXFileReference; lastKnownFileType = sourcecode.swift; path = ClassesViewControllerExtension.swift; sourceTree = "<group>"; };
		6C7E21852604BCE700B10A74 /* HomeTableViewCell.swift */ = {isa = PBXFileReference; lastKnownFileType = sourcecode.swift; path = HomeTableViewCell.swift; sourceTree = "<group>"; };
		6C7E218D2604BD1B00B10A74 /* SpreadViewCells.swift */ = {isa = PBXFileReference; lastKnownFileType = sourcecode.swift; path = SpreadViewCells.swift; sourceTree = "<group>"; };
		6C7E21C0260611A300B10A74 /* LoginViewController.swift */ = {isa = PBXFileReference; lastKnownFileType = sourcecode.swift; path = LoginViewController.swift; sourceTree = "<group>"; };
		6C7E21C82606133700B10A74 /* LoginViewModel.swift */ = {isa = PBXFileReference; lastKnownFileType = sourcecode.swift; path = LoginViewModel.swift; sourceTree = "<group>"; };
		6C7E21D62606155800B10A74 /* Api_Service.swift */ = {isa = PBXFileReference; lastKnownFileType = sourcecode.swift; path = Api_Service.swift; sourceTree = "<group>"; };
		6C7E21DE2606176200B10A74 /* Result.swift */ = {isa = PBXFileReference; lastKnownFileType = sourcecode.swift; path = Result.swift; sourceTree = "<group>"; };
		6C9889352609399E004F7B8B /* CustomButton.swift */ = {isa = PBXFileReference; lastKnownFileType = sourcecode.swift; path = CustomButton.swift; sourceTree = "<group>"; };
		6CA117CE2604B07C006B1AA1 /* samrtble.app */ = {isa = PBXFileReference; explicitFileType = wrapper.application; includeInIndex = 0; path = samrtble.app; sourceTree = BUILT_PRODUCTS_DIR; };
		6CA117D12604B07C006B1AA1 /* AppDelegate.swift */ = {isa = PBXFileReference; lastKnownFileType = sourcecode.swift; path = AppDelegate.swift; sourceTree = "<group>"; };
		6CA117D32604B07C006B1AA1 /* SceneDelegate.swift */ = {isa = PBXFileReference; lastKnownFileType = sourcecode.swift; path = SceneDelegate.swift; sourceTree = "<group>"; };
		6CA117D82604B07C006B1AA1 /* Base */ = {isa = PBXFileReference; lastKnownFileType = file.storyboard; name = Base; path = Base.lproj/Main.storyboard; sourceTree = "<group>"; };
		6CA117DA2604B07D006B1AA1 /* Assets.xcassets */ = {isa = PBXFileReference; lastKnownFileType = folder.assetcatalog; path = Assets.xcassets; sourceTree = "<group>"; };
		6CA117DD2604B07D006B1AA1 /* Base */ = {isa = PBXFileReference; lastKnownFileType = file.storyboard; name = Base; path = Base.lproj/LaunchScreen.storyboard; sourceTree = "<group>"; };
		6CA117DF2604B07D006B1AA1 /* Info.plist */ = {isa = PBXFileReference; lastKnownFileType = text.plist.xml; path = Info.plist; sourceTree = "<group>"; };
		6CA117E42604B07D006B1AA1 /* samrtbleTests.xctest */ = {isa = PBXFileReference; explicitFileType = wrapper.cfbundle; includeInIndex = 0; path = samrtbleTests.xctest; sourceTree = BUILT_PRODUCTS_DIR; };
		6CA117E82604B07D006B1AA1 /* samrtbleTests.swift */ = {isa = PBXFileReference; lastKnownFileType = sourcecode.swift; path = samrtbleTests.swift; sourceTree = "<group>"; };
		6CA117EA2604B07D006B1AA1 /* Info.plist */ = {isa = PBXFileReference; lastKnownFileType = text.plist.xml; path = Info.plist; sourceTree = "<group>"; };
		6CA117EF2604B07D006B1AA1 /* samrtbleUITests.xctest */ = {isa = PBXFileReference; explicitFileType = wrapper.cfbundle; includeInIndex = 0; path = samrtbleUITests.xctest; sourceTree = BUILT_PRODUCTS_DIR; };
		6CA117F32604B07E006B1AA1 /* samrtbleUITests.swift */ = {isa = PBXFileReference; lastKnownFileType = sourcecode.swift; path = samrtbleUITests.swift; sourceTree = "<group>"; };
		6CA117F52604B07E006B1AA1 /* Info.plist */ = {isa = PBXFileReference; lastKnownFileType = text.plist.xml; path = Info.plist; sourceTree = "<group>"; };
		6CAD277F26072C1E00BBED74 /* ResponseModel.swift */ = {isa = PBXFileReference; lastKnownFileType = sourcecode.swift; path = ResponseModel.swift; sourceTree = "<group>"; };
		8922138A86744855F7C5FAF8 /* Pods-samrtble.release.xcconfig */ = {isa = PBXFileReference; includeInIndex = 1; lastKnownFileType = text.xcconfig; name = "Pods-samrtble.release.xcconfig"; path = "Target Support Files/Pods-samrtble/Pods-samrtble.release.xcconfig"; sourceTree = "<group>"; };
		D5A00165B705F81096534168 /* Pods-samrtble.debug.xcconfig */ = {isa = PBXFileReference; includeInIndex = 1; lastKnownFileType = text.xcconfig; name = "Pods-samrtble.debug.xcconfig"; path = "Target Support Files/Pods-samrtble/Pods-samrtble.debug.xcconfig"; sourceTree = "<group>"; };
		ECA70A3D39E9D98CD477B709 /* Pods_samrtble.framework */ = {isa = PBXFileReference; explicitFileType = wrapper.framework; includeInIndex = 0; path = Pods_samrtble.framework; sourceTree = BUILT_PRODUCTS_DIR; };
/* End PBXFileReference section */

/* Begin PBXFrameworksBuildPhase section */
		6CA117CB2604B07C006B1AA1 /* Frameworks */ = {
			isa = PBXFrameworksBuildPhase;
			buildActionMask = 2147483647;
			files = (
				00B8BFD5FF6B94924B742110 /* Pods_samrtble.framework in Frameworks */,
			);
			runOnlyForDeploymentPostprocessing = 0;
		};
		6CA117E12604B07D006B1AA1 /* Frameworks */ = {
			isa = PBXFrameworksBuildPhase;
			buildActionMask = 2147483647;
			files = (
			);
			runOnlyForDeploymentPostprocessing = 0;
		};
		6CA117EC2604B07D006B1AA1 /* Frameworks */ = {
			isa = PBXFrameworksBuildPhase;
			buildActionMask = 2147483647;
			files = (
			);
			runOnlyForDeploymentPostprocessing = 0;
		};
/* End PBXFrameworksBuildPhase section */

/* Begin PBXGroup section */
		3C568E3D40B971FD34AE004D /* Frameworks */ = {
			isa = PBXGroup;
			children = (
				ECA70A3D39E9D98CD477B709 /* Pods_samrtble.framework */,
			);
			name = Frameworks;
			sourceTree = "<group>";
		};
		6C7E20FF2604B61300B10A74 /* Models */ = {
			isa = PBXGroup;
			children = (
				6C7E21382604B8CB00B10A74 /* TableInfoModel.swift */,
				6C7E21452604BA7000B10A74 /* ClassModel.swift */,
				6C7E214A2604BAA500B10A74 /* TableCellModel.swift */,
				6C7E214F2604BAFB00B10A74 /* TestModel.swift */,
				6C7E21542604BB1900B10A74 /* Mapping.swift */,
				6C7E21DE2606176200B10A74 /* Result.swift */,
				6CAD277F26072C1E00BBED74 /* ResponseModel.swift */,
			);
			path = Models;
			sourceTree = "<group>";
		};
		6C7E21002604B61C00B10A74 /* VieweModels */ = {
			isa = PBXGroup;
			children = (
				6C7E21C82606133700B10A74 /* LoginViewModel.swift */,
			);
			path = VieweModels;
			sourceTree = "<group>";
		};
		6C7E21012604B63300B10A74 /* Viewes */ = {
			isa = PBXGroup;
			children = (
				6CA117D72604B07C006B1AA1 /* Main.storyboard */,
			);
			path = Viewes;
			sourceTree = "<group>";
		};
		6C7E21022604B63E00B10A74 /* Controller */ = {
			isa = PBXGroup;
			children = (
				6C7E21842604BCC800B10A74 /* Cells */,
				6C7E217A2604BC6200B10A74 /* ClassesViewController.swift */,
				6C7E21752604BC1F00B10A74 /* HomeViewController.swift */,
				6C7E21C0260611A300B10A74 /* LoginViewController.swift */,
			);
			path = Controller;
			sourceTree = "<group>";
		};
		6C7E21032604B66400B10A74 /* Extension */ = {
			isa = PBXGroup;
			children = (
				6C7E217F2604BCAA00B10A74 /* ClassesViewControllerExtension.swift */,
				6C9889352609399E004F7B8B /* CustomButton.swift */,
			);
			path = Extension;
			sourceTree = "<group>";
		};
		6C7E21842604BCC800B10A74 /* Cells */ = {
			isa = PBXGroup;
			children = (
				6C7E21852604BCE700B10A74 /* HomeTableViewCell.swift */,
				6C7E218D2604BD1B00B10A74 /* SpreadViewCells.swift */,
			);
			path = Cells;
			sourceTree = "<group>";
		};
		6C7E21CD2606147D00B10A74 /* NetWorkLayer */ = {
			isa = PBXGroup;
			children = (
				6C7E21D62606155800B10A74 /* Api_Service.swift */,
			);
			path = NetWorkLayer;
			sourceTree = "<group>";
		};
		6CA117C52604B07C006B1AA1 = {
			isa = PBXGroup;
			children = (
				6CA117D02604B07C006B1AA1 /* samrtble */,
				6CA117E72604B07D006B1AA1 /* samrtbleTests */,
				6CA117F22604B07D006B1AA1 /* samrtbleUITests */,
				6CA117CF2604B07C006B1AA1 /* Products */,
				A18B15A5E18B527C98E711AF /* Pods */,
				3C568E3D40B971FD34AE004D /* Frameworks */,
			);
			sourceTree = "<group>";
		};
		6CA117CF2604B07C006B1AA1 /* Products */ = {
			isa = PBXGroup;
			children = (
				6CA117CE2604B07C006B1AA1 /* samrtble.app */,
				6CA117E42604B07D006B1AA1 /* samrtbleTests.xctest */,
				6CA117EF2604B07D006B1AA1 /* samrtbleUITests.xctest */,
			);
			name = Products;
			sourceTree = "<group>";
		};
		6CA117D02604B07C006B1AA1 /* samrtble */ = {
			isa = PBXGroup;
			children = (
				6C7E21CD2606147D00B10A74 /* NetWorkLayer */,
				6C7E21032604B66400B10A74 /* Extension */,
				6C7E21022604B63E00B10A74 /* Controller */,
				6C7E21012604B63300B10A74 /* Viewes */,
				6C7E21002604B61C00B10A74 /* VieweModels */,
				6C7E20FF2604B61300B10A74 /* Models */,
				6CA117D12604B07C006B1AA1 /* AppDelegate.swift */,
				6CA117D32604B07C006B1AA1 /* SceneDelegate.swift */,
				6CA117DA2604B07D006B1AA1 /* Assets.xcassets */,
				6CA117DC2604B07D006B1AA1 /* LaunchScreen.storyboard */,
				6CA117DF2604B07D006B1AA1 /* Info.plist */,
			);
			path = samrtble;
			sourceTree = "<group>";
		};
		6CA117E72604B07D006B1AA1 /* samrtbleTests */ = {
			isa = PBXGroup;
			children = (
				6CA117E82604B07D006B1AA1 /* samrtbleTests.swift */,
				6CA117EA2604B07D006B1AA1 /* Info.plist */,
			);
			path = samrtbleTests;
			sourceTree = "<group>";
		};
		6CA117F22604B07D006B1AA1 /* samrtbleUITests */ = {
			isa = PBXGroup;
			children = (
				6CA117F32604B07E006B1AA1 /* samrtbleUITests.swift */,
				6CA117F52604B07E006B1AA1 /* Info.plist */,
			);
			path = samrtbleUITests;
			sourceTree = "<group>";
		};
		A18B15A5E18B527C98E711AF /* Pods */ = {
			isa = PBXGroup;
			children = (
				D5A00165B705F81096534168 /* Pods-samrtble.debug.xcconfig */,
				8922138A86744855F7C5FAF8 /* Pods-samrtble.release.xcconfig */,
			);
			path = Pods;
			sourceTree = "<group>";
		};
/* End PBXGroup section */

/* Begin PBXNativeTarget section */
		6CA117CD2604B07C006B1AA1 /* samrtble */ = {
			isa = PBXNativeTarget;
			buildConfigurationList = 6CA117F82604B07E006B1AA1 /* Build configuration list for PBXNativeTarget "samrtble" */;
			buildPhases = (
				82516E72E956FC2898FD051D /* [CP] Check Pods Manifest.lock */,
				6CA117CA2604B07C006B1AA1 /* Sources */,
				6CA117CB2604B07C006B1AA1 /* Frameworks */,
				6CA117CC2604B07C006B1AA1 /* Resources */,
				C8E9D8B57931314BE8975C0D /* [CP] Embed Pods Frameworks */,
			);
			buildRules = (
			);
			dependencies = (
			);
			name = samrtble;
			productName = samrtble;
			productReference = 6CA117CE2604B07C006B1AA1 /* samrtble.app */;
			productType = "com.apple.product-type.application";
		};
		6CA117E32604B07D006B1AA1 /* samrtbleTests */ = {
			isa = PBXNativeTarget;
			buildConfigurationList = 6CA117FB2604B07E006B1AA1 /* Build configuration list for PBXNativeTarget "samrtbleTests" */;
			buildPhases = (
				6CA117E02604B07D006B1AA1 /* Sources */,
				6CA117E12604B07D006B1AA1 /* Frameworks */,
				6CA117E22604B07D006B1AA1 /* Resources */,
			);
			buildRules = (
			);
			dependencies = (
				6CA117E62604B07D006B1AA1 /* PBXTargetDependency */,
			);
			name = samrtbleTests;
			productName = samrtbleTests;
			productReference = 6CA117E42604B07D006B1AA1 /* samrtbleTests.xctest */;
			productType = "com.apple.product-type.bundle.unit-test";
		};
		6CA117EE2604B07D006B1AA1 /* samrtbleUITests */ = {
			isa = PBXNativeTarget;
			buildConfigurationList = 6CA117FE2604B07E006B1AA1 /* Build configuration list for PBXNativeTarget "samrtbleUITests" */;
			buildPhases = (
				6CA117EB2604B07D006B1AA1 /* Sources */,
				6CA117EC2604B07D006B1AA1 /* Frameworks */,
				6CA117ED2604B07D006B1AA1 /* Resources */,
			);
			buildRules = (
			);
			dependencies = (
				6CA117F12604B07D006B1AA1 /* PBXTargetDependency */,
			);
			name = samrtbleUITests;
			productName = samrtbleUITests;
			productReference = 6CA117EF2604B07D006B1AA1 /* samrtbleUITests.xctest */;
			productType = "com.apple.product-type.bundle.ui-testing";
		};
/* End PBXNativeTarget section */

/* Begin PBXProject section */
		6CA117C62604B07C006B1AA1 /* Project object */ = {
			isa = PBXProject;
			attributes = {
				LastSwiftUpdateCheck = 1200;
				LastUpgradeCheck = 1200;
				TargetAttributes = {
					6CA117CD2604B07C006B1AA1 = {
						CreatedOnToolsVersion = 12.0.1;
					};
					6CA117E32604B07D006B1AA1 = {
						CreatedOnToolsVersion = 12.0.1;
						TestTargetID = 6CA117CD2604B07C006B1AA1;
					};
					6CA117EE2604B07D006B1AA1 = {
						CreatedOnToolsVersion = 12.0.1;
						TestTargetID = 6CA117CD2604B07C006B1AA1;
					};
				};
			};
			buildConfigurationList = 6CA117C92604B07C006B1AA1 /* Build configuration list for PBXProject "samrtble" */;
			compatibilityVersion = "Xcode 9.3";
			developmentRegion = en;
			hasScannedForEncodings = 0;
			knownRegions = (
				en,
				Base,
			);
			mainGroup = 6CA117C52604B07C006B1AA1;
			productRefGroup = 6CA117CF2604B07C006B1AA1 /* Products */;
			projectDirPath = "";
			projectRoot = "";
			targets = (
				6CA117CD2604B07C006B1AA1 /* samrtble */,
				6CA117E32604B07D006B1AA1 /* samrtbleTests */,
				6CA117EE2604B07D006B1AA1 /* samrtbleUITests */,
			);
		};
/* End PBXProject section */

/* Begin PBXResourcesBuildPhase section */
		6CA117CC2604B07C006B1AA1 /* Resources */ = {
			isa = PBXResourcesBuildPhase;
			buildActionMask = 2147483647;
			files = (
				6CA117DE2604B07D006B1AA1 /* LaunchScreen.storyboard in Resources */,
				6CA117DB2604B07D006B1AA1 /* Assets.xcassets in Resources */,
				6CA117D92604B07C006B1AA1 /* Main.storyboard in Resources */,
			);
			runOnlyForDeploymentPostprocessing = 0;
		};
		6CA117E22604B07D006B1AA1 /* Resources */ = {
			isa = PBXResourcesBuildPhase;
			buildActionMask = 2147483647;
			files = (
			);
			runOnlyForDeploymentPostprocessing = 0;
		};
		6CA117ED2604B07D006B1AA1 /* Resources */ = {
			isa = PBXResourcesBuildPhase;
			buildActionMask = 2147483647;
			files = (
			);
			runOnlyForDeploymentPostprocessing = 0;
		};
/* End PBXResourcesBuildPhase section */

/* Begin PBXShellScriptBuildPhase section */
		82516E72E956FC2898FD051D /* [CP] Check Pods Manifest.lock */ = {
			isa = PBXShellScriptBuildPhase;
			buildActionMask = 2147483647;
			files = (
			);
			inputFileListPaths = (
			);
			inputPaths = (
				"${PODS_PODFILE_DIR_PATH}/Podfile.lock",
				"${PODS_ROOT}/Manifest.lock",
			);
			name = "[CP] Check Pods Manifest.lock";
			outputFileListPaths = (
			);
			outputPaths = (
				"$(DERIVED_FILE_DIR)/Pods-samrtble-checkManifestLockResult.txt",
			);
			runOnlyForDeploymentPostprocessing = 0;
			shellPath = /bin/sh;
			shellScript = "diff \"${PODS_PODFILE_DIR_PATH}/Podfile.lock\" \"${PODS_ROOT}/Manifest.lock\" > /dev/null\nif [ $? != 0 ] ; then\n    # print error to STDERR\n    echo \"error: The sandbox is not in sync with the Podfile.lock. Run 'pod install' or update your CocoaPods installation.\" >&2\n    exit 1\nfi\n# This output is used by Xcode 'outputs' to avoid re-running this script phase.\necho \"SUCCESS\" > \"${SCRIPT_OUTPUT_FILE_0}\"\n";
			showEnvVarsInLog = 0;
		};
		C8E9D8B57931314BE8975C0D /* [CP] Embed Pods Frameworks */ = {
			isa = PBXShellScriptBuildPhase;
			buildActionMask = 2147483647;
			files = (
			);
			inputFileListPaths = (
				"${PODS_ROOT}/Target Support Files/Pods-samrtble/Pods-samrtble-frameworks-${CONFIGURATION}-input-files.xcfilelist",
			);
			name = "[CP] Embed Pods Frameworks";
			outputFileListPaths = (
				"${PODS_ROOT}/Target Support Files/Pods-samrtble/Pods-samrtble-frameworks-${CONFIGURATION}-output-files.xcfilelist",
			);
			runOnlyForDeploymentPostprocessing = 0;
			shellPath = /bin/sh;
			shellScript = "\"${PODS_ROOT}/Target Support Files/Pods-samrtble/Pods-samrtble-frameworks.sh\"\n";
			showEnvVarsInLog = 0;
		};
/* End PBXShellScriptBuildPhase section */

/* Begin PBXSourcesBuildPhase section */
		6CA117CA2604B07C006B1AA1 /* Sources */ = {
			isa = PBXSourcesBuildPhase;
			buildActionMask = 2147483647;
			files = (
				6C7E21C1260611A300B10A74 /* LoginViewController.swift in Sources */,
				6C7E214B2604BAA500B10A74 /* TableCellModel.swift in Sources */,
				6C9889362609399E004F7B8B /* CustomButton.swift in Sources */,
				6C7E21392604B8CB00B10A74 /* TableInfoModel.swift in Sources */,
				6C7E21502604BAFB00B10A74 /* TestModel.swift in Sources */,
				6C7E21552604BB1900B10A74 /* Mapping.swift in Sources */,
				6C7E21D72606155800B10A74 /* Api_Service.swift in Sources */,
				6C7E21DF2606176200B10A74 /* Result.swift in Sources */,
				6C7E21802604BCAA00B10A74 /* ClassesViewControllerExtension.swift in Sources */,
				6C7E21C92606133700B10A74 /* LoginViewModel.swift in Sources */,
				6C7E21862604BCE700B10A74 /* HomeTableViewCell.swift in Sources */,
				6C7E21762604BC1F00B10A74 /* HomeViewController.swift in Sources */,
				6CA117D22604B07C006B1AA1 /* AppDelegate.swift in Sources */,
				6C7E217B2604BC6200B10A74 /* ClassesViewController.swift in Sources */,
				6C7E21462604BA7000B10A74 /* ClassModel.swift in Sources */,
				6CAD278026072C1E00BBED74 /* ResponseModel.swift in Sources */,
				6C7E218E2604BD1B00B10A74 /* SpreadViewCells.swift in Sources */,
				6CA117D42604B07C006B1AA1 /* SceneDelegate.swift in Sources */,
			);
			runOnlyForDeploymentPostprocessing = 0;
		};
		6CA117E02604B07D006B1AA1 /* Sources */ = {
			isa = PBXSourcesBuildPhase;
			buildActionMask = 2147483647;
			files = (
				6CA117E92604B07D006B1AA1 /* samrtbleTests.swift in Sources */,
			);
			runOnlyForDeploymentPostprocessing = 0;
		};
		6CA117EB2604B07D006B1AA1 /* Sources */ = {
			isa = PBXSourcesBuildPhase;
			buildActionMask = 2147483647;
			files = (
				6CA117F42604B07E006B1AA1 /* samrtbleUITests.swift in Sources */,
			);
			runOnlyForDeploymentPostprocessing = 0;
		};
/* End PBXSourcesBuildPhase section */

/* Begin PBXTargetDependency section */
		6CA117E62604B07D006B1AA1 /* PBXTargetDependency */ = {
			isa = PBXTargetDependency;
			target = 6CA117CD2604B07C006B1AA1 /* samrtble */;
			targetProxy = 6CA117E52604B07D006B1AA1 /* PBXContainerItemProxy */;
		};
		6CA117F12604B07D006B1AA1 /* PBXTargetDependency */ = {
			isa = PBXTargetDependency;
			target = 6CA117CD2604B07C006B1AA1 /* samrtble */;
			targetProxy = 6CA117F02604B07D006B1AA1 /* PBXContainerItemProxy */;
		};
/* End PBXTargetDependency section */

/* Begin PBXVariantGroup section */
		6CA117D72604B07C006B1AA1 /* Main.storyboard */ = {
			isa = PBXVariantGroup;
			children = (
				6CA117D82604B07C006B1AA1 /* Base */,
			);
			name = Main.storyboard;
			sourceTree = "<group>";
		};
		6CA117DC2604B07D006B1AA1 /* LaunchScreen.storyboard */ = {
			isa = PBXVariantGroup;
			children = (
				6CA117DD2604B07D006B1AA1 /* Base */,
			);
			name = LaunchScreen.storyboard;
			sourceTree = "<group>";
		};
/* End PBXVariantGroup section */

/* Begin XCBuildConfiguration section */
		6CA117F62604B07E006B1AA1 /* Debug */ = {
			isa = XCBuildConfiguration;
			buildSettings = {
				ALWAYS_SEARCH_USER_PATHS = NO;
				CLANG_ANALYZER_NONNULL = YES;
				CLANG_ANALYZER_NUMBER_OBJECT_CONVERSION = YES_AGGRESSIVE;
				CLANG_CXX_LANGUAGE_STANDARD = "gnu++14";
				CLANG_CXX_LIBRARY = "libc++";
				CLANG_ENABLE_MODULES = YES;
				CLANG_ENABLE_OBJC_ARC = YES;
				CLANG_ENABLE_OBJC_WEAK = YES;
				CLANG_WARN_BLOCK_CAPTURE_AUTORELEASING = YES;
				CLANG_WARN_BOOL_CONVERSION = YES;
				CLANG_WARN_COMMA = YES;
				CLANG_WARN_CONSTANT_CONVERSION = YES;
				CLANG_WARN_DEPRECATED_OBJC_IMPLEMENTATIONS = YES;
				CLANG_WARN_DIRECT_OBJC_ISA_USAGE = YES_ERROR;
				CLANG_WARN_DOCUMENTATION_COMMENTS = YES;
				CLANG_WARN_EMPTY_BODY = YES;
				CLANG_WARN_ENUM_CONVERSION = YES;
				CLANG_WARN_INFINITE_RECURSION = YES;
				CLANG_WARN_INT_CONVERSION = YES;
				CLANG_WARN_NON_LITERAL_NULL_CONVERSION = YES;
				CLANG_WARN_OBJC_IMPLICIT_RETAIN_SELF = YES;
				CLANG_WARN_OBJC_LITERAL_CONVERSION = YES;
				CLANG_WARN_OBJC_ROOT_CLASS = YES_ERROR;
				CLANG_WARN_QUOTED_INCLUDE_IN_FRAMEWORK_HEADER = YES;
				CLANG_WARN_RANGE_LOOP_ANALYSIS = YES;
				CLANG_WARN_STRICT_PROTOTYPES = YES;
				CLANG_WARN_SUSPICIOUS_MOVE = YES;
				CLANG_WARN_UNGUARDED_AVAILABILITY = YES_AGGRESSIVE;
				CLANG_WARN_UNREACHABLE_CODE = YES;
				CLANG_WARN__DUPLICATE_METHOD_MATCH = YES;
				COPY_PHASE_STRIP = NO;
				DEBUG_INFORMATION_FORMAT = dwarf;
				ENABLE_STRICT_OBJC_MSGSEND = YES;
				ENABLE_TESTABILITY = YES;
				GCC_C_LANGUAGE_STANDARD = gnu11;
				GCC_DYNAMIC_NO_PIC = NO;
				GCC_NO_COMMON_BLOCKS = YES;
				GCC_OPTIMIZATION_LEVEL = 0;
				GCC_PREPROCESSOR_DEFINITIONS = (
					"DEBUG=1",
					"$(inherited)",
				);
				GCC_WARN_64_TO_32_BIT_CONVERSION = YES;
				GCC_WARN_ABOUT_RETURN_TYPE = YES_ERROR;
				GCC_WARN_UNDECLARED_SELECTOR = YES;
				GCC_WARN_UNINITIALIZED_AUTOS = YES_AGGRESSIVE;
				GCC_WARN_UNUSED_FUNCTION = YES;
				GCC_WARN_UNUSED_VARIABLE = YES;
				IPHONEOS_DEPLOYMENT_TARGET = 14.0;
				MTL_ENABLE_DEBUG_INFO = INCLUDE_SOURCE;
				MTL_FAST_MATH = YES;
				ONLY_ACTIVE_ARCH = YES;
				SDKROOT = iphoneos;
				SWIFT_ACTIVE_COMPILATION_CONDITIONS = DEBUG;
				SWIFT_OPTIMIZATION_LEVEL = "-Onone";
			};
			name = Debug;
		};
		6CA117F72604B07E006B1AA1 /* Release */ = {
			isa = XCBuildConfiguration;
			buildSettings = {
				ALWAYS_SEARCH_USER_PATHS = NO;
				CLANG_ANALYZER_NONNULL = YES;
				CLANG_ANALYZER_NUMBER_OBJECT_CONVERSION = YES_AGGRESSIVE;
				CLANG_CXX_LANGUAGE_STANDARD = "gnu++14";
				CLANG_CXX_LIBRARY = "libc++";
				CLANG_ENABLE_MODULES = YES;
				CLANG_ENABLE_OBJC_ARC = YES;
				CLANG_ENABLE_OBJC_WEAK = YES;
				CLANG_WARN_BLOCK_CAPTURE_AUTORELEASING = YES;
				CLANG_WARN_BOOL_CONVERSION = YES;
				CLANG_WARN_COMMA = YES;
				CLANG_WARN_CONSTANT_CONVERSION = YES;
				CLANG_WARN_DEPRECATED_OBJC_IMPLEMENTATIONS = YES;
				CLANG_WARN_DIRECT_OBJC_ISA_USAGE = YES_ERROR;
				CLANG_WARN_DOCUMENTATION_COMMENTS = YES;
				CLANG_WARN_EMPTY_BODY = YES;
				CLANG_WARN_ENUM_CONVERSION = YES;
				CLANG_WARN_INFINITE_RECURSION = YES;
				CLANG_WARN_INT_CONVERSION = YES;
				CLANG_WARN_NON_LITERAL_NULL_CONVERSION = YES;
				CLANG_WARN_OBJC_IMPLICIT_RETAIN_SELF = YES;
				CLANG_WARN_OBJC_LITERAL_CONVERSION = YES;
				CLANG_WARN_OBJC_ROOT_CLASS = YES_ERROR;
				CLANG_WARN_QUOTED_INCLUDE_IN_FRAMEWORK_HEADER = YES;
				CLANG_WARN_RANGE_LOOP_ANALYSIS = YES;
				CLANG_WARN_STRICT_PROTOTYPES = YES;
				CLANG_WARN_SUSPICIOUS_MOVE = YES;
				CLANG_WARN_UNGUARDED_AVAILABILITY = YES_AGGRESSIVE;
				CLANG_WARN_UNREACHABLE_CODE = YES;
				CLANG_WARN__DUPLICATE_METHOD_MATCH = YES;
				COPY_PHASE_STRIP = NO;
				DEBUG_INFORMATION_FORMAT = "dwarf-with-dsym";
				ENABLE_NS_ASSERTIONS = NO;
				ENABLE_STRICT_OBJC_MSGSEND = YES;
				GCC_C_LANGUAGE_STANDARD = gnu11;
				GCC_NO_COMMON_BLOCKS = YES;
				GCC_WARN_64_TO_32_BIT_CONVERSION = YES;
				GCC_WARN_ABOUT_RETURN_TYPE = YES_ERROR;
				GCC_WARN_UNDECLARED_SELECTOR = YES;
				GCC_WARN_UNINITIALIZED_AUTOS = YES_AGGRESSIVE;
				GCC_WARN_UNUSED_FUNCTION = YES;
				GCC_WARN_UNUSED_VARIABLE = YES;
				IPHONEOS_DEPLOYMENT_TARGET = 14.0;
				MTL_ENABLE_DEBUG_INFO = NO;
				MTL_FAST_MATH = YES;
				SDKROOT = iphoneos;
				SWIFT_COMPILATION_MODE = wholemodule;
				SWIFT_OPTIMIZATION_LEVEL = "-O";
				VALIDATE_PRODUCT = YES;
			};
			name = Release;
		};
		6CA117F92604B07E006B1AA1 /* Debug */ = {
			isa = XCBuildConfiguration;
			baseConfigurationReference = D5A00165B705F81096534168 /* Pods-samrtble.debug.xcconfig */;
			buildSettings = {
				ASSETCATALOG_COMPILER_APPICON_NAME = AppIcon;
				ASSETCATALOG_COMPILER_GLOBAL_ACCENT_COLOR_NAME = AccentColor;
				CODE_SIGN_STYLE = Automatic;
				INFOPLIST_FILE = samrtble/Info.plist;
				IPHONEOS_DEPLOYMENT_TARGET = 13.0;
				LD_RUNPATH_SEARCH_PATHS = (
					"$(inherited)",
					"@executable_path/Frameworks",
				);
				PRODUCT_BUNDLE_IDENTIFIER = com.optimalsoft.samrtble;
				PRODUCT_NAME = "$(TARGET_NAME)";
				SWIFT_VERSION = 5.0;
				TARGETED_DEVICE_FAMILY = "1,2";
			};
			name = Debug;
		};
		6CA117FA2604B07E006B1AA1 /* Release */ = {
			isa = XCBuildConfiguration;
			baseConfigurationReference = 8922138A86744855F7C5FAF8 /* Pods-samrtble.release.xcconfig */;
			buildSettings = {
				ASSETCATALOG_COMPILER_APPICON_NAME = AppIcon;
				ASSETCATALOG_COMPILER_GLOBAL_ACCENT_COLOR_NAME = AccentColor;
				CODE_SIGN_STYLE = Automatic;
				INFOPLIST_FILE = samrtble/Info.plist;
				IPHONEOS_DEPLOYMENT_TARGET = 13.0;
				LD_RUNPATH_SEARCH_PATHS = (
					"$(inherited)",
					"@executable_path/Frameworks",
				);
				PRODUCT_BUNDLE_IDENTIFIER = com.optimalsoft.samrtble;
				PRODUCT_NAME = "$(TARGET_NAME)";
				SWIFT_VERSION = 5.0;
				TARGETED_DEVICE_FAMILY = "1,2";
			};
			name = Release;
		};
		6CA117FC2604B07E006B1AA1 /* Debug */ = {
			isa = XCBuildConfiguration;
			buildSettings = {
				ALWAYS_EMBED_SWIFT_STANDARD_LIBRARIES = YES;
				BUNDLE_LOADER = "$(TEST_HOST)";
				CODE_SIGN_STYLE = Automatic;
				INFOPLIST_FILE = samrtbleTests/Info.plist;
				IPHONEOS_DEPLOYMENT_TARGET = 14.0;
				LD_RUNPATH_SEARCH_PATHS = (
					"$(inherited)",
					"@executable_path/Frameworks",
					"@loader_path/Frameworks",
				);
				PRODUCT_BUNDLE_IDENTIFIER = com.optimalsoft.samrtbleTests;
				PRODUCT_NAME = "$(TARGET_NAME)";
				SWIFT_VERSION = 5.0;
				TARGETED_DEVICE_FAMILY = "1,2";
				TEST_HOST = "$(BUILT_PRODUCTS_DIR)/samrtble.app/samrtble";
			};
			name = Debug;
		};
		6CA117FD2604B07E006B1AA1 /* Release */ = {
			isa = XCBuildConfiguration;
			buildSettings = {
				ALWAYS_EMBED_SWIFT_STANDARD_LIBRARIES = YES;
				BUNDLE_LOADER = "$(TEST_HOST)";
				CODE_SIGN_STYLE = Automatic;
				INFOPLIST_FILE = samrtbleTests/Info.plist;
				IPHONEOS_DEPLOYMENT_TARGET = 14.0;
				LD_RUNPATH_SEARCH_PATHS = (
					"$(inherited)",
					"@executable_path/Frameworks",
					"@loader_path/Frameworks",
				);
				PRODUCT_BUNDLE_IDENTIFIER = com.optimalsoft.samrtbleTests;
				PRODUCT_NAME = "$(TARGET_NAME)";
				SWIFT_VERSION = 5.0;
				TARGETED_DEVICE_FAMILY = "1,2";
				TEST_HOST = "$(BUILT_PRODUCTS_DIR)/samrtble.app/samrtble";
			};
			name = Release;
		};
		6CA117FF2604B07E006B1AA1 /* Debug */ = {
			isa = XCBuildConfiguration;
			buildSettings = {
				ALWAYS_EMBED_SWIFT_STANDARD_LIBRARIES = YES;
				CODE_SIGN_STYLE = Automatic;
				INFOPLIST_FILE = samrtbleUITests/Info.plist;
				LD_RUNPATH_SEARCH_PATHS = (
					"$(inherited)",
					"@executable_path/Frameworks",
					"@loader_path/Frameworks",
				);
				PRODUCT_BUNDLE_IDENTIFIER = com.optimalsoft.samrtbleUITests;
				PRODUCT_NAME = "$(TARGET_NAME)";
				SWIFT_VERSION = 5.0;
				TARGETED_DEVICE_FAMILY = "1,2";
				TEST_TARGET_NAME = samrtble;
			};
			name = Debug;
		};
		6CA118002604B07E006B1AA1 /* Release */ = {
			isa = XCBuildConfiguration;
			buildSettings = {
				ALWAYS_EMBED_SWIFT_STANDARD_LIBRARIES = YES;
				CODE_SIGN_STYLE = Automatic;
				INFOPLIST_FILE = samrtbleUITests/Info.plist;
				LD_RUNPATH_SEARCH_PATHS = (
					"$(inherited)",
					"@executable_path/Frameworks",
					"@loader_path/Frameworks",
				);
				PRODUCT_BUNDLE_IDENTIFIER = com.optimalsoft.samrtbleUITests;
				PRODUCT_NAME = "$(TARGET_NAME)";
				SWIFT_VERSION = 5.0;
				TARGETED_DEVICE_FAMILY = "1,2";
				TEST_TARGET_NAME = samrtble;
			};
			name = Release;
		};
/* End XCBuildConfiguration section */

/* Begin XCConfigurationList section */
		6CA117C92604B07C006B1AA1 /* Build configuration list for PBXProject "samrtble" */ = {
			isa = XCConfigurationList;
			buildConfigurations = (
				6CA117F62604B07E006B1AA1 /* Debug */,
				6CA117F72604B07E006B1AA1 /* Release */,
			);
			defaultConfigurationIsVisible = 0;
			defaultConfigurationName = Release;
		};
		6CA117F82604B07E006B1AA1 /* Build configuration list for PBXNativeTarget "samrtble" */ = {
			isa = XCConfigurationList;
			buildConfigurations = (
				6CA117F92604B07E006B1AA1 /* Debug */,
				6CA117FA2604B07E006B1AA1 /* Release */,
			);
			defaultConfigurationIsVisible = 0;
			defaultConfigurationName = Release;
		};
		6CA117FB2604B07E006B1AA1 /* Build configuration list for PBXNativeTarget "samrtbleTests" */ = {
			isa = XCConfigurationList;
			buildConfigurations = (
				6CA117FC2604B07E006B1AA1 /* Debug */,
				6CA117FD2604B07E006B1AA1 /* Release */,
			);
			defaultConfigurationIsVisible = 0;
			defaultConfigurationName = Release;
		};
		6CA117FE2604B07E006B1AA1 /* Build configuration list for PBXNativeTarget "samrtbleUITests" */ = {
			isa = XCConfigurationList;
			buildConfigurations = (
				6CA117FF2604B07E006B1AA1 /* Debug */,
				6CA118002604B07E006B1AA1 /* Release */,
			);
			defaultConfigurationIsVisible = 0;
			defaultConfigurationName = Release;
		};
/* End XCConfigurationList section */
	};
	rootObject = 6CA117C62604B07C006B1AA1 /* Project object */;
}
